
Microsoft Visual Studio Solution File, Format Version 12.00
# Visual Studio Version 16
VisualStudioVersion = 16.0.29806.167
MinimumVisualStudioVersion = 10.0.40219.1
Project("{FAE04EC0-301F-11D3-BF4B-00C04F79EFBC}") = "simple_control_led", "simple_control_led\simple_control_led.csproj", "{1BC5D560-FD0D-4927-98FC-745C82078E57}"
EndProject
Global
	GlobalSection(SolutionConfigurationPlatforms) = preSolution
		Debug|Any CPU = Debug|Any CPU
		Release|Any CPU = Release|Any CPU
	EndGlobalSection
	GlobalSection(ProjectConfigurationPlatforms) = postSolution
		{1BC5D560-FD0D-4927-98FC-745C82078E57}.Debug|Any CPU.ActiveCfg = Debug|Any CPU
		{1BC5D560-FD0D-4927-98FC-745C82078E57}.Debug|Any CPU.Build.0 = Debug|Any CPU
		{1BC5D560-FD0D-4927-98FC-745C82078E57}.Release|Any CPU.ActiveCfg = Release|Any CPU
		{1BC5D560-FD0D-4927-98FC-745C82078E57}.Release|Any CPU.Build.0 = Release|Any CPU
	EndGlobalSection
	GlobalSection(SolutionProperties) = preSolution
		HideSolutionNode = FALSE
	EndGlobalSection
	GlobalSection(ExtensibilityGlobals) = postSolution
		SolutionGuid = {529253A0-C2FF-4B4A-899B-E55E10E7BD28}
	EndGlobalSection
EndGlobal
